
Microsoft Visual Studio Solution File, Format Version 12.00
# Visual Studio Version 17
VisualStudioVersion = 17.0.31903.59
MinimumVisualStudioVersion = 10.0.40219.1
Project("{FAE04EC0-301F-11D3-BF4B-00C04F79EFBC}") = "first_task_file_encryptor", "first_task_file_encryptor\first_task_file_encryptor.csproj", "{E4178E2E-DA4B-4EC5-9D77-41A48F55583C}"
EndProject
Project("{2150E333-8FDC-42A3-9474-1A3956D46DE8}") = "second_task", "second_task", "{02EA681E-C7D8-13C7-8484-4AC65E1B71E8}"
EndProject
Global
	GlobalSection(SolutionConfigurationPlatforms) = preSolution
		Debug|Any CPU = Debug|Any CPU
		Release|Any CPU = Release|Any CPU
	EndGlobalSection
	GlobalSection(ProjectConfigurationPlatforms) = postSolution
		{E4178E2E-DA4B-4EC5-9D77-41A48F55583C}.Debug|Any CPU.ActiveCfg = Debug|Any CPU
		{E4178E2E-DA4B-4EC5-9D77-41A48F55583C}.Debug|Any CPU.Build.0 = Debug|Any CPU
		{E4178E2E-DA4B-4EC5-9D77-41A48F55583C}.Release|Any CPU.ActiveCfg = Release|Any CPU
		{E4178E2E-DA4B-4EC5-9D77-41A48F55583C}.Release|Any CPU.Build.0 = Release|Any CPU
	EndGlobalSection
	GlobalSection(SolutionProperties) = preSolution
		HideSolutionNode = FALSE
	EndGlobalSection
	GlobalSection(ExtensibilityGlobals) = postSolution
		SolutionGuid = {06131793-AF35-40BF-B6C6-A6313A2E509B}
	EndGlobalSection
EndGlobal
