
Microsoft Visual Studio Solution File, Format Version 12.00
# Visual Studio Version 18
VisualStudioVersion = 18.3.11206.111 d18.3
MinimumVisualStudioVersion = 10.0.40219.1
Project("{FAE04EC0-301F-11D3-BF4B-00C04F79EFBC}") = "CarService.Core", "CarService.Core\CarService.Core.csproj", "{3B57B1EF-06AE-435B-80B4-E84FF1ED0B58}"
EndProject
Global
	GlobalSection(SolutionConfigurationPlatforms) = preSolution
		Debug|Any CPU = Debug|Any CPU
		Release|Any CPU = Release|Any CPU
	EndGlobalSection
	GlobalSection(ProjectConfigurationPlatforms) = postSolution
		{3B57B1EF-06AE-435B-80B4-E84FF1ED0B58}.Debug|Any CPU.ActiveCfg = Debug|Any CPU
		{3B57B1EF-06AE-435B-80B4-E84FF1ED0B58}.Debug|Any CPU.Build.0 = Debug|Any CPU
		{3B57B1EF-06AE-435B-80B4-E84FF1ED0B58}.Release|Any CPU.ActiveCfg = Release|Any CPU
		{3B57B1EF-06AE-435B-80B4-E84FF1ED0B58}.Release|Any CPU.Build.0 = Release|Any CPU
	EndGlobalSection
	GlobalSection(SolutionProperties) = preSolution
		HideSolutionNode = FALSE
	EndGlobalSection
	GlobalSection(ExtensibilityGlobals) = postSolution
		SolutionGuid = {F83A3802-23FE-438B-B3B7-9D3233A66348}
	EndGlobalSection
EndGlobal
